
Microsoft Visual Studio Solution File, Format Version 12.00
# Visual Studio 15
VisualStudioVersion = 15.0.27004.2010
MinimumVisualStudioVersion = 10.0.40219.1
Project("{FAE04EC0-301F-11D3-BF4B-00C04F79EFBC}") = "FazEletricaCAD", "FazEletricaCAD\FazEletricaCAD.csproj", "{D906434B-2573-46BD-B6AD-2847CB92FD27}"
EndProject
Project("{54435603-DBB4-11D2-8724-00A0C9A8B90C}") = "SetupInstalacao", "SetupInstalacao\SetupInstalacao.vdproj", "{9D2EA98F-E933-4AC1-9E8C-E0E109C37B3F}"
EndProject
Global
	GlobalSection(SolutionConfigurationPlatforms) = preSolution
		Debug|Any CPU = Debug|Any CPU
		Release|Any CPU = Release|Any CPU
	EndGlobalSection
	GlobalSection(ProjectConfigurationPlatforms) = postSolution
		{D906434B-2573-46BD-B6AD-2847CB92FD27}.Debug|Any CPU.ActiveCfg = Debug|Any CPU
		{D906434B-2573-46BD-B6AD-2847CB92FD27}.Debug|Any CPU.Build.0 = Debug|Any CPU
		{D906434B-2573-46BD-B6AD-2847CB92FD27}.Release|Any CPU.ActiveCfg = Release|Any CPU
		{D906434B-2573-46BD-B6AD-2847CB92FD27}.Release|Any CPU.Build.0 = Release|Any CPU
		{9D2EA98F-E933-4AC1-9E8C-E0E109C37B3F}.Debug|Any CPU.ActiveCfg = Debug
		{9D2EA98F-E933-4AC1-9E8C-E0E109C37B3F}.Release|Any CPU.ActiveCfg = Release
	EndGlobalSection
	GlobalSection(SolutionProperties) = preSolution
		HideSolutionNode = FALSE
	EndGlobalSection
	GlobalSection(ExtensibilityGlobals) = postSolution
		SolutionGuid = {F1A5BB7D-78BA-4EE3-BCDB-F7979FBC1F2A}
	EndGlobalSection
EndGlobal
